
Microsoft Visual Studio Solution File, Format Version 12.00
# Visual Studio 15
VisualStudioVersion = 15.0.28307.705
MinimumVisualStudioVersion = 10.0.40219.1
Project("{8BC9CEB8-8B4A-11D0-8D11-00A0C91BC942}") = "DirectX 11 Engine", "DirectX 11 Engine.vcxproj", "{5ABF1281-DFA3-4391-8302-6648A8921196}"
EndProject
Global
	GlobalSection(SolutionConfigurationPlatforms) = preSolution
		Debug|x64 = Debug|x64
		Debug|x86 = Debug|x86
		Release|x64 = Release|x64
		Release|x86 = Release|x86
	EndGlobalSection
	GlobalSection(ProjectConfigurationPlatforms) = postSolution
		{5ABF1281-DFA3-4391-8302-6648A8921196}.Debug|x64.ActiveCfg = Debug|x64
		{5ABF1281-DFA3-4391-8302-6648A8921196}.Debug|x64.Build.0 = Debug|x64
		{5ABF1281-DFA3-4391-8302-6648A8921196}.Debug|x86.ActiveCfg = Debug|Win32
		{5ABF1281-DFA3-4391-8302-6648A8921196}.Debug|x86.Build.0 = Debug|Win32
		{5ABF1281-DFA3-4391-8302-6648A8921196}.Release|x64.ActiveCfg = Release|x64
		{5ABF1281-DFA3-4391-8302-6648A8921196}.Release|x64.Build.0 = Release|x64
		{5ABF1281-DFA3-4391-8302-6648A8921196}.Release|x86.ActiveCfg = Release|Win32
		{5ABF1281-DFA3-4391-8302-6648A8921196}.Release|x86.Build.0 = Release|Win32
	EndGlobalSection
	GlobalSection(SolutionProperties) = preSolution
		HideSolutionNode = FALSE
	EndGlobalSection
	GlobalSection(ExtensibilityGlobals) = postSolution
		SolutionGuid = {313A7520-D324-482C-AAEC-1AB4551F3633}
	EndGlobalSection
EndGlobal
